
Microsoft Visual Studio Solution File, Format Version 12.00
# Visual Studio Version 17
VisualStudioVersion = 17.4.33403.182
MinimumVisualStudioVersion = 10.0.40219.1
Project("{9A19103F-16F7-4668-BE54-9A1E7A4F7556}") = "dotNetTest", "dotNetTest.csproj", "{7ED763A8-43D9-409C-927E-296967F8945B}"
EndProject
Global
	GlobalSection(SolutionConfigurationPlatforms) = preSolution
		Debug|Any CPU = Debug|Any CPU
		Release|Any CPU = Release|Any CPU
	EndGlobalSection
	GlobalSection(ProjectConfigurationPlatforms) = postSolution
		{7ED763A8-43D9-409C-927E-296967F8945B}.Debug|Any CPU.ActiveCfg = Debug|Any CPU
		{7ED763A8-43D9-409C-927E-296967F8945B}.Debug|Any CPU.Build.0 = Debug|Any CPU
		{7ED763A8-43D9-409C-927E-296967F8945B}.Release|Any CPU.ActiveCfg = Release|Any CPU
		{7ED763A8-43D9-409C-927E-296967F8945B}.Release|Any CPU.Build.0 = Release|Any CPU
	EndGlobalSection
	GlobalSection(SolutionProperties) = preSolution
		HideSolutionNode = FALSE
	EndGlobalSection
	GlobalSection(ExtensibilityGlobals) = postSolution
		SolutionGuid = {DDE82682-3A97-4CAA-81D9-9EE53C996C2C}
	EndGlobalSection
EndGlobal
